// !$*UTF8*$!
{
	archiveVersion = 1;
	classes = {
	};
	objectVersion = 46;
	objects = {

/* Begin PBXBuildFile section */
		32CB25D11D0E4E340065442B /* AppDelegate.swift in Sources */ = {isa = PBXBuildFile; fileRef = 32CB25D01D0E4E340065442B /* AppDelegate.swift */; };
		32CB25D31D0E4E340065442B /* FirstViewController.swift in Sources */ = {isa = PBXBuildFile; fileRef = 32CB25D21D0E4E340065442B /* FirstViewController.swift */; };
		32CB25D51D0E4E340065442B /* SecondViewController.swift in Sources */ = {isa = PBXBuildFile; fileRef = 32CB25D41D0E4E340065442B /* SecondViewController.swift */; };
		32CB25D81D0E4E340065442B /* Main.storyboard in Resources */ = {isa = PBXBuildFile; fileRef = 32CB25D61D0E4E340065442B /* Main.storyboard */; };
		32CB25DA1D0E4E340065442B /* Assets.xcassets in Resources */ = {isa = PBXBuildFile; fileRef = 32CB25D91D0E4E340065442B /* Assets.xcassets */; };
		32CB25DD1D0E4E340065442B /* LaunchScreen.storyboard in Resources */ = {isa = PBXBuildFile; fileRef = 32CB25DB1D0E4E340065442B /* LaunchScreen.storyboard */; };
		32CB25E51D0E4EF30065442B /* LogInViewController.swift in Sources */ = {isa = PBXBuildFile; fileRef = 32CB25E41D0E4EF30065442B /* LogInViewController.swift */; };
		32CB25EA1D0E51030065442B /* ScaleImage.swift in Sources */ = {isa = PBXBuildFile; fileRef = 32CB25E91D0E51030065442B /* ScaleImage.swift */; };
		32D742761D0E712500C4E616 /* Constants.swift in Sources */ = {isa = PBXBuildFile; fileRef = 32D742751D0E712500C4E616 /* Constants.swift */; };
		32D7427C1D0ECB7600C4E616 /* CreateCardViewController.swift in Sources */ = {isa = PBXBuildFile; fileRef = 32D7427B1D0ECB7600C4E616 /* CreateCardViewController.swift */; };
/* End PBXBuildFile section */

/* Begin PBXFileReference section */
		32CB25CD1D0E4E340065442B /* StoryFrame.app */ = {isa = PBXFileReference; explicitFileType = wrapper.application; includeInIndex = 0; path = StoryFrame.app; sourceTree = BUILT_PRODUCTS_DIR; };
		32CB25D01D0E4E340065442B /* AppDelegate.swift */ = {isa = PBXFileReference; lastKnownFileType = sourcecode.swift; path = AppDelegate.swift; sourceTree = "<group>"; };
		32CB25D21D0E4E340065442B /* FirstViewController.swift */ = {isa = PBXFileReference; lastKnownFileType = sourcecode.swift; path = FirstViewController.swift; sourceTree = "<group>"; };
		32CB25D41D0E4E340065442B /* SecondViewController.swift */ = {isa = PBXFileReference; lastKnownFileType = sourcecode.swift; path = SecondViewController.swift; sourceTree = "<group>"; };
		32CB25D71D0E4E340065442B /* Base */ = {isa = PBXFileReference; lastKnownFileType = file.storyboard; name = Base; path = Base.lproj/Main.storyboard; sourceTree = "<group>"; };
		32CB25D91D0E4E340065442B /* Assets.xcassets */ = {isa = PBXFileReference; lastKnownFileType = folder.assetcatalog; path = Assets.xcassets; sourceTree = "<group>"; };
		32CB25DC1D0E4E340065442B /* Base */ = {isa = PBXFileReference; lastKnownFileType = file.storyboard; name = Base; path = Base.lproj/LaunchScreen.storyboard; sourceTree = "<group>"; };
		32CB25DE1D0E4E340065442B /* Info.plist */ = {isa = PBXFileReference; lastKnownFileType = text.plist.xml; path = Info.plist; sourceTree = "<group>"; };
		32CB25E41D0E4EF30065442B /* LogInViewController.swift */ = {isa = PBXFileReference; fileEncoding = 4; lastKnownFileType = sourcecode.swift; path = LogInViewController.swift; sourceTree = "<group>"; };
		32CB25E91D0E51030065442B /* ScaleImage.swift */ = {isa = PBXFileReference; fileEncoding = 4; lastKnownFileType = sourcecode.swift; path = ScaleImage.swift; sourceTree = "<group>"; };
		32D742751D0E712500C4E616 /* Constants.swift */ = {isa = PBXFileReference; fileEncoding = 4; lastKnownFileType = sourcecode.swift; path = Constants.swift; sourceTree = "<group>"; };
		32D7427B1D0ECB7600C4E616 /* CreateCardViewController.swift */ = {isa = PBXFileReference; fileEncoding = 4; lastKnownFileType = sourcecode.swift; path = CreateCardViewController.swift; sourceTree = "<group>"; };
/* End PBXFileReference section */

/* Begin PBXFrameworksBuildPhase section */
		32CB25CA1D0E4E340065442B /* Frameworks */ = {
			isa = PBXFrameworksBuildPhase;
			buildActionMask = 2147483647;
			files = (
			);
			runOnlyForDeploymentPostprocessing = 0;
		};
/* End PBXFrameworksBuildPhase section */

/* Begin PBXGroup section */
		32CB25C41D0E4E340065442B = {
			isa = PBXGroup;
			children = (
				32CB25CF1D0E4E340065442B /* StoryFrame */,
				32CB25CE1D0E4E340065442B /* Products */,
			);
			sourceTree = "<group>";
		};
		32CB25CE1D0E4E340065442B /* Products */ = {
			isa = PBXGroup;
			children = (
				32CB25CD1D0E4E340065442B /* StoryFrame.app */,
			);
			name = Products;
			sourceTree = "<group>";
		};
		32CB25CF1D0E4E340065442B /* StoryFrame */ = {
			isa = PBXGroup;
			children = (
				32D742741D0E710C00C4E616 /* Util */,
				32CB25E81D0E50AC0065442B /* View */,
				32CB25E71D0E50A30065442B /* Model */,
				32CB25E61D0E50850065442B /* Controller */,
				32CB25D01D0E4E340065442B /* AppDelegate.swift */,
				32CB25D61D0E4E340065442B /* Main.storyboard */,
				32CB25D91D0E4E340065442B /* Assets.xcassets */,
				32CB25DB1D0E4E340065442B /* LaunchScreen.storyboard */,
				32CB25DE1D0E4E340065442B /* Info.plist */,
			);
			path = StoryFrame;
			sourceTree = "<group>";
		};
		32CB25E61D0E50850065442B /* Controller */ = {
			isa = PBXGroup;
			children = (
				32CB25E41D0E4EF30065442B /* LogInViewController.swift */,
				32CB25D21D0E4E340065442B /* FirstViewController.swift */,
				32CB25D41D0E4E340065442B /* SecondViewController.swift */,
				32D7427B1D0ECB7600C4E616 /* CreateCardViewController.swift */,
			);
			name = Controller;
			sourceTree = "<group>";
		};
		32CB25E71D0E50A30065442B /* Model */ = {
			isa = PBXGroup;
			children = (
			);
			name = Model;
			sourceTree = "<group>";
		};
		32CB25E81D0E50AC0065442B /* View */ = {
			isa = PBXGroup;
			children = (
				32CB25E91D0E51030065442B /* ScaleImage.swift */,
			);
			name = View;
			sourceTree = "<group>";
		};
		32D742741D0E710C00C4E616 /* Util */ = {
			isa = PBXGroup;
			children = (
				32D742751D0E712500C4E616 /* Constants.swift */,
			);
			name = Util;
			sourceTree = "<group>";
		};
/* End PBXGroup section */

/* Begin PBXNativeTarget section */
		32CB25CC1D0E4E340065442B /* StoryFrame */ = {
			isa = PBXNativeTarget;
			buildConfigurationList = 32CB25E11D0E4E340065442B /* Build configuration list for PBXNativeTarget "StoryFrame" */;
			buildPhases = (
				32CB25C91D0E4E340065442B /* Sources */,
				32CB25CA1D0E4E340065442B /* Frameworks */,
				32CB25CB1D0E4E340065442B /* Resources */,
			);
			buildRules = (
			);
			dependencies = (
			);
			name = StoryFrame;
			productName = StoryFrame;
			productReference = 32CB25CD1D0E4E340065442B /* StoryFrame.app */;
			productType = "com.apple.product-type.application";
		};
/* End PBXNativeTarget section */

/* Begin PBXProject section */
		32CB25C51D0E4E340065442B /* Project object */ = {
			isa = PBXProject;
			attributes = {
				LastSwiftUpdateCheck = 0730;
				LastUpgradeCheck = 0730;
				ORGANIZATIONNAME = "SEBASTIEN MONTIBELLER";
				TargetAttributes = {
					32CB25CC1D0E4E340065442B = {
						CreatedOnToolsVersion = 7.3.1;
					};
				};
			};
			buildConfigurationList = 32CB25C81D0E4E340065442B /* Build configuration list for PBXProject "StoryFrame" */;
			compatibilityVersion = "Xcode 3.2";
			developmentRegion = English;
			hasScannedForEncodings = 0;
			knownRegions = (
				en,
				Base,
			);
			mainGroup = 32CB25C41D0E4E340065442B;
			productRefGroup = 32CB25CE1D0E4E340065442B /* Products */;
			projectDirPath = "";
			projectRoot = "";
			targets = (
				32CB25CC1D0E4E340065442B /* StoryFrame */,
			);
		};
/* End PBXProject section */

/* Begin PBXResourcesBuildPhase section */
		32CB25CB1D0E4E340065442B /* Resources */ = {
			isa = PBXResourcesBuildPhase;
			buildActionMask = 2147483647;
			files = (
				32CB25DD1D0E4E340065442B /* LaunchScreen.storyboard in Resources */,
				32CB25DA1D0E4E340065442B /* Assets.xcassets in Resources */,
				32CB25D81D0E4E340065442B /* Main.storyboard in Resources */,
			);
			runOnlyForDeploymentPostprocessing = 0;
		};
/* End PBXResourcesBuildPhase section */

/* Begin PBXSourcesBuildPhase section */
		32CB25C91D0E4E340065442B /* Sources */ = {
			isa = PBXSourcesBuildPhase;
			buildActionMask = 2147483647;
			files = (
				32CB25E51D0E4EF30065442B /* LogInViewController.swift in Sources */,
				32CB25D51D0E4E340065442B /* SecondViewController.swift in Sources */,
				32D7427C1D0ECB7600C4E616 /* CreateCardViewController.swift in Sources */,
				32CB25EA1D0E51030065442B /* ScaleImage.swift in Sources */,
				32D742761D0E712500C4E616 /* Constants.swift in Sources */,
				32CB25D11D0E4E340065442B /* AppDelegate.swift in Sources */,
				32CB25D31D0E4E340065442B /* FirstViewController.swift in Sources */,
			);
			runOnlyForDeploymentPostprocessing = 0;
		};
/* End PBXSourcesBuildPhase section */

/* Begin PBXVariantGroup section */
		32CB25D61D0E4E340065442B /* Main.storyboard */ = {
			isa = PBXVariantGroup;
			children = (
				32CB25D71D0E4E340065442B /* Base */,
			);
			name = Main.storyboard;
			sourceTree = "<group>";
		};
		32CB25DB1D0E4E340065442B /* LaunchScreen.storyboard */ = {
			isa = PBXVariantGroup;
			children = (
				32CB25DC1D0E4E340065442B /* Base */,
			);
			name = LaunchScreen.storyboard;
			sourceTree = "<group>";
		};
/* End PBXVariantGroup section */

/* Begin XCBuildConfiguration section */
		32CB25DF1D0E4E340065442B /* Debug */ = {
			isa = XCBuildConfiguration;
			buildSettings = {
				ALWAYS_SEARCH_USER_PATHS = NO;
				CLANG_ANALYZER_NONNULL = YES;
				CLANG_CXX_LANGUAGE_STANDARD = "gnu++0x";
				CLANG_CXX_LIBRARY = "libc++";
				CLANG_ENABLE_MODULES = YES;
				CLANG_ENABLE_OBJC_ARC = YES;
				CLANG_WARN_BOOL_CONVERSION = YES;
				CLANG_WARN_CONSTANT_CONVERSION = YES;
				CLANG_WARN_DIRECT_OBJC_ISA_USAGE = YES_ERROR;
				CLANG_WARN_EMPTY_BODY = YES;
				CLANG_WARN_ENUM_CONVERSION = YES;
				CLANG_WARN_INT_CONVERSION = YES;
				CLANG_WARN_OBJC_ROOT_CLASS = YES_ERROR;
				CLANG_WARN_UNREACHABLE_CODE = YES;
				CLANG_WARN__DUPLICATE_METHOD_MATCH = YES;
				"CODE_SIGN_IDENTITY[sdk=iphoneos*]" = "iPhone Developer";
				COPY_PHASE_STRIP = NO;
				DEBUG_INFORMATION_FORMAT = dwarf;
				ENABLE_STRICT_OBJC_MSGSEND = YES;
				ENABLE_TESTABILITY = YES;
				GCC_C_LANGUAGE_STANDARD = gnu99;
				GCC_DYNAMIC_NO_PIC = NO;
				GCC_NO_COMMON_BLOCKS = YES;
				GCC_OPTIMIZATION_LEVEL = 0;
				GCC_PREPROCESSOR_DEFINITIONS = (
					"DEBUG=1",
					"$(inherited)",
				);
				GCC_WARN_64_TO_32_BIT_CONVERSION = YES;
				GCC_WARN_ABOUT_RETURN_TYPE = YES_ERROR;
				GCC_WARN_UNDECLARED_SELECTOR = YES;
				GCC_WARN_UNINITIALIZED_AUTOS = YES_AGGRESSIVE;
				GCC_WARN_UNUSED_FUNCTION = YES;
				GCC_WARN_UNUSED_VARIABLE = YES;
				IPHONEOS_DEPLOYMENT_TARGET = 9.3;
				MTL_ENABLE_DEBUG_INFO = YES;
				ONLY_ACTIVE_ARCH = YES;
				SDKROOT = iphoneos;
				SWIFT_OPTIMIZATION_LEVEL = "-Onone";
				TARGETED_DEVICE_FAMILY = "1,2";
			};
			name = Debug;
		};
		32CB25E01D0E4E340065442B /* Release */ = {
			isa = XCBuildConfiguration;
			buildSettings = {
				ALWAYS_SEARCH_USER_PATHS = NO;
				CLANG_ANALYZER_NONNULL = YES;
				CLANG_CXX_LANGUAGE_STANDARD = "gnu++0x";
				CLANG_CXX_LIBRARY = "libc++";
				CLANG_ENABLE_MODULES = YES;
				CLANG_ENABLE_OBJC_ARC = YES;
				CLANG_WARN_BOOL_CONVERSION = YES;
				CLANG_WARN_CONSTANT_CONVERSION = YES;
				CLANG_WARN_DIRECT_OBJC_ISA_USAGE = YES_ERROR;
				CLANG_WARN_EMPTY_BODY = YES;
				CLANG_WARN_ENUM_CONVERSION = YES;
				CLANG_WARN_INT_CONVERSION = YES;
				CLANG_WARN_OBJC_ROOT_CLASS = YES_ERROR;
				CLANG_WARN_UNREACHABLE_CODE = YES;
				CLANG_WARN__DUPLICATE_METHOD_MATCH = YES;
				"CODE_SIGN_IDENTITY[sdk=iphoneos*]" = "iPhone Developer";
				COPY_PHASE_STRIP = NO;
				DEBUG_INFORMATION_FORMAT = "dwarf-with-dsym";
				ENABLE_NS_ASSERTIONS = NO;
				ENABLE_STRICT_OBJC_MSGSEND = YES;
				GCC_C_LANGUAGE_STANDARD = gnu99;
				GCC_NO_COMMON_BLOCKS = YES;
				GCC_WARN_64_TO_32_BIT_CONVERSION = YES;
				GCC_WARN_ABOUT_RETURN_TYPE = YES_ERROR;
				GCC_WARN_UNDECLARED_SELECTOR = YES;
				GCC_WARN_UNINITIALIZED_AUTOS = YES_AGGRESSIVE;
				GCC_WARN_UNUSED_FUNCTION = YES;
				GCC_WARN_UNUSED_VARIABLE = YES;
				IPHONEOS_DEPLOYMENT_TARGET = 9.3;
				MTL_ENABLE_DEBUG_INFO = NO;
				SDKROOT = iphoneos;
				TARGETED_DEVICE_FAMILY = "1,2";
				VALIDATE_PRODUCT = YES;
			};
			name = Release;
		};
		32CB25E21D0E4E340065442B /* Debug */ = {
			isa = XCBuildConfiguration;
			buildSettings = {
				ASSETCATALOG_COMPILER_APPICON_NAME = AppIcon;
				INFOPLIST_FILE = StoryFrame/Info.plist;
				LD_RUNPATH_SEARCH_PATHS = "$(inherited) @executable_path/Frameworks";
				PRODUCT_BUNDLE_IDENTIFIER = com.montyprograms.StoryFrame;
				PRODUCT_NAME = "$(TARGET_NAME)";
			};
			name = Debug;
		};
		32CB25E31D0E4E340065442B /* Release */ = {
			isa = XCBuildConfiguration;
			buildSettings = {
				ASSETCATALOG_COMPILER_APPICON_NAME = AppIcon;
				INFOPLIST_FILE = StoryFrame/Info.plist;
				LD_RUNPATH_SEARCH_PATHS = "$(inherited) @executable_path/Frameworks";
				PRODUCT_BUNDLE_IDENTIFIER = com.montyprograms.StoryFrame;
				PRODUCT_NAME = "$(TARGET_NAME)";
			};
			name = Release;
		};
/* End XCBuildConfiguration section */

/* Begin XCConfigurationList section */
		32CB25C81D0E4E340065442B /* Build configuration list for PBXProject "StoryFrame" */ = {
			isa = XCConfigurationList;
			buildConfigurations = (
				32CB25DF1D0E4E340065442B /* Debug */,
				32CB25E01D0E4E340065442B /* Release */,
			);
			defaultConfigurationIsVisible = 0;
			defaultConfigurationName = Release;
		};
		32CB25E11D0E4E340065442B /* Build configuration list for PBXNativeTarget "StoryFrame" */ = {
			isa = XCConfigurationList;
			buildConfigurations = (
				32CB25E21D0E4E340065442B /* Debug */,
				32CB25E31D0E4E340065442B /* Release */,
			);
			defaultConfigurationIsVisible = 0;
			defaultConfigurationName = Release;
		};
/* End XCConfigurationList section */
	};
	rootObject = 32CB25C51D0E4E340065442B /* Project object */;
}
